hash: 61af865a5648a1c2a32b195a3c17a8237613b6227977272c3b838a46485ab125
updated: 2017-03-07T15:10:54.313320927Z
imports:
- name: github.com/aws/aws-sdk-go
  version: 0700d99edb91ab11ba748f096cbdcf424e53446b
  subpackages:
  - aws
  - aws/session
  - service/cloudwatchlogs
  - service/ec2
  - service/iam
  - service/s3
  - service/sns
  - aws/awserr
  - aws/credentials
  - aws/endpoints
  - aws/client/metadata
  - aws/request
  - aws/ec2metadata
  - service/sts
  - private/protocol/rest
  - private/protocol
  - private/protocol/jsonrpc
  - private/protocol/ec2query
  - private/waiter
  - private/protocol/query
  - private/protocol/restxml
  - service/kms
  - service/kms/kmsiface
  - service/s3/s3iface
  - private/protocol/query/queryutil
  - private/protocol/xml/xmlutil
- name: github.com/go-ini/ini
  version: c437d20015c2ab6454b7a66a13109ff0fb99e17a
- name: github.com/gruntwork-io/terratest
  version: 7f2c0724c5a784f507416ee4bd471b10c3237338
  repo: git@github.com:gruntwork-io/terratest
  vcs: git
  subpackages:
  - aws
  - http
  - log
  - terraform
  - util
  - shell
- name: github.com/jmespath/go-jmespath
  version: bd40a432e4c76585ef6b72d3fd96fb9b6dc7b68d
- name: golang.org/x/crypto
  version: 728b753d0135da6801d45a38e6f43ff55779c5c2
  subpackages:
  - ssh
  - curve25519
  - ed25519
  - ed25519/internal/edwards25519
- name: golang.org/x/sys
  version: e48874b42435b4347fc52bdee0424a52abc974d7
  subpackages:
  - unix
devImports: []
